
Microsoft Visual Studio Solution File, Format Version 12.00
# Visual Studio 14
VisualStudioVersion = 14.0.25123.0
MinimumVisualStudioVersion = 10.0.40219.1
Project("{8BC9CEB8-8B4A-11D0-8D11-00A0C91BC942}") = "HelloWorld", "HelloWorld\HelloWorld.vcxproj", "{95851C79-9E9B-438E-8669-95909A201D5D}"
EndProject
Project("{8BC9CEB8-8B4A-11D0-8D11-00A0C91BC942}") = "Variables", "Variables\Variables.vcxproj", "{1DD6A74B-8FA3-446D-A690-52C3E75A37F4}"
EndProject
Project("{8BC9CEB8-8B4A-11D0-8D11-00A0C91BC942}") = "Conditional Statements", "Conditional Statements\Conditional Statements.vcxproj", "{E8C1B33F-4739-4372-982A-E3327EEC2DB6}"
EndProject
Project("{8BC9CEB8-8B4A-11D0-8D11-00A0C91BC942}") = "Loops", "Loops Assignment\Loops Assignment.vcxproj", "{BA59E034-CB5F-4B08-9DC0-ADE9AED1E18D}"
EndProject
Project("{8BC9CEB8-8B4A-11D0-8D11-00A0C91BC942}") = "Test", "Test\Test.vcxproj", "{529CBEFF-CB9A-4E45-8A55-2297518BB910}"
EndProject
Project("{8BC9CEB8-8B4A-11D0-8D11-00A0C91BC942}") = "Arrays", "Arrays\Arrays.vcxproj", "{8E00A23C-F52B-4087-B758-40CF61F24671}"
EndProject
Project("{8BC9CEB8-8B4A-11D0-8D11-00A0C91BC942}") = "Daenerys Targaryen Dragon Problem", "Daenerys Targaryen Dragon Problem\Daenerys Targaryen Dragon Problem.vcxproj", "{A8E9303C-5B9A-4E80-A23A-8F1B8498EEA1}"
EndProject
Project("{8BC9CEB8-8B4A-11D0-8D11-00A0C91BC942}") = "Functions", "Functions\Functions.vcxproj", "{D993CB1E-A726-41E9-B1E7-CA8EA538ECD2}"
EndProject
Project("{8BC9CEB8-8B4A-11D0-8D11-00A0C91BC942}") = "Functions Assignment", "Functions Assignment\Functions Assignment.vcxproj", "{6FB9004A-9F66-405F-8AC8-F1839520F0E7}"
EndProject
Project("{8BC9CEB8-8B4A-11D0-8D11-00A0C91BC942}") = "Function Practice", "Function Practice\Function Practice.vcxproj", "{07BB93B1-B307-4161-83EE-B9140161D3EE}"
EndProject
Project("{8BC9CEB8-8B4A-11D0-8D11-00A0C91BC942}") = "Practice", "Practice\Practice.vcxproj", "{7537DC41-C6E4-4B4C-845E-A3053E63B31A}"
EndProject
Project("{8BC9CEB8-8B4A-11D0-8D11-00A0C91BC942}") = "Functions Assignment 2", "Functions Assignment 2\Functions Assignment 2.vcxproj", "{01C2395B-2400-466A-8A25-5022DF0CB63E}"
EndProject
Project("{8BC9CEB8-8B4A-11D0-8D11-00A0C91BC942}") = "TicTacToe", "TicTacToe\TicTacToe.vcxproj", "{FE8F5C95-7BDD-4D9C-96FC-090093507D55}"
EndProject
Project("{8BC9CEB8-8B4A-11D0-8D11-00A0C91BC942}") = "Structures Example", "Structures Example\Structures Example.vcxproj", "{8AC7EFDF-CC4D-47C0-A930-000170D466DD}"
EndProject
Project("{8BC9CEB8-8B4A-11D0-8D11-00A0C91BC942}") = "Structures Assignment", "Structures Assignment\Structures Assignment.vcxproj", "{70848769-4757-4B9A-AEA6-89D72D308F84}"
EndProject
Project("{8BC9CEB8-8B4A-11D0-8D11-00A0C91BC942}") = "Classes", "Classes\Classes.vcxproj", "{61CF1F41-60AE-45C1-9986-3C4D2F0D1003}"
EndProject
Project("{8BC9CEB8-8B4A-11D0-8D11-00A0C91BC942}") = "Zombie Fight Club", "Zombie Fight Club\Zombie Fight Club.vcxproj", "{45720323-646A-4791-A2A4-3128D24BEA26}"
EndProject
Global
	GlobalSection(SolutionConfigurationPlatforms) = preSolution
		Debug|x64 = Debug|x64
		Debug|x86 = Debug|x86
		Release|x64 = Release|x64
		Release|x86 = Release|x86
	EndGlobalSection
	GlobalSection(ProjectConfigurationPlatforms) = postSolution
		{95851C79-9E9B-438E-8669-95909A201D5D}.Debug|x64.ActiveCfg = Debug|x64
		{95851C79-9E9B-438E-8669-95909A201D5D}.Debug|x64.Build.0 = Debug|x64
		{95851C79-9E9B-438E-8669-95909A201D5D}.Debug|x86.ActiveCfg = Debug|Win32
		{95851C79-9E9B-438E-8669-95909A201D5D}.Debug|x86.Build.0 = Debug|Win32
		{95851C79-9E9B-438E-8669-95909A201D5D}.Release|x64.ActiveCfg = Release|x64
		{95851C79-9E9B-438E-8669-95909A201D5D}.Release|x64.Build.0 = Release|x64
		{95851C79-9E9B-438E-8669-95909A201D5D}.Release|x86.ActiveCfg = Release|Win32
		{95851C79-9E9B-438E-8669-95909A201D5D}.Release|x86.Build.0 = Release|Win32
		{1DD6A74B-8FA3-446D-A690-52C3E75A37F4}.Debug|x64.ActiveCfg = Debug|x64
		{1DD6A74B-8FA3-446D-A690-52C3E75A37F4}.Debug|x64.Build.0 = Debug|x64
		{1DD6A74B-8FA3-446D-A690-52C3E75A37F4}.Debug|x86.ActiveCfg = Debug|Win32
		{1DD6A74B-8FA3-446D-A690-52C3E75A37F4}.Debug|x86.Build.0 = Debug|Win32
		{1DD6A74B-8FA3-446D-A690-52C3E75A37F4}.Release|x64.ActiveCfg = Release|x64
		{1DD6A74B-8FA3-446D-A690-52C3E75A37F4}.Release|x64.Build.0 = Release|x64
		{1DD6A74B-8FA3-446D-A690-52C3E75A37F4}.Release|x86.ActiveCfg = Release|Win32
		{1DD6A74B-8FA3-446D-A690-52C3E75A37F4}.Release|x86.Build.0 = Release|Win32
		{E8C1B33F-4739-4372-982A-E3327EEC2DB6}.Debug|x64.ActiveCfg = Debug|x64
		{E8C1B33F-4739-4372-982A-E3327EEC2DB6}.Debug|x64.Build.0 = Debug|x64
		{E8C1B33F-4739-4372-982A-E3327EEC2DB6}.Debug|x86.ActiveCfg = Debug|Win32
		{E8C1B33F-4739-4372-982A-E3327EEC2DB6}.Debug|x86.Build.0 = Debug|Win32
		{E8C1B33F-4739-4372-982A-E3327EEC2DB6}.Release|x64.ActiveCfg = Release|x64
		{E8C1B33F-4739-4372-982A-E3327EEC2DB6}.Release|x64.Build.0 = Release|x64
		{E8C1B33F-4739-4372-982A-E3327EEC2DB6}.Release|x86.ActiveCfg = Release|Win32
		{E8C1B33F-4739-4372-982A-E3327EEC2DB6}.Release|x86.Build.0 = Release|Win32
		{BA59E034-CB5F-4B08-9DC0-ADE9AED1E18D}.Debug|x64.ActiveCfg = Debug|x64
		{BA59E034-CB5F-4B08-9DC0-ADE9AED1E18D}.Debug|x64.Build.0 = Debug|x64
		{BA59E034-CB5F-4B08-9DC0-ADE9AED1E18D}.Debug|x86.ActiveCfg = Debug|Win32
		{BA59E034-CB5F-4B08-9DC0-ADE9AED1E18D}.Debug|x86.Build.0 = Debug|Win32
		{BA59E034-CB5F-4B08-9DC0-ADE9AED1E18D}.Release|x64.ActiveCfg = Release|x64
		{BA59E034-CB5F-4B08-9DC0-ADE9AED1E18D}.Release|x64.Build.0 = Release|x64
		{BA59E034-CB5F-4B08-9DC0-ADE9AED1E18D}.Release|x86.ActiveCfg = Release|Win32
		{BA59E034-CB5F-4B08-9DC0-ADE9AED1E18D}.Release|x86.Build.0 = Release|Win32
		{529CBEFF-CB9A-4E45-8A55-2297518BB910}.Debug|x64.ActiveCfg = Debug|x64
		{529CBEFF-CB9A-4E45-8A55-2297518BB910}.Debug|x64.Build.0 = Debug|x64
		{529CBEFF-CB9A-4E45-8A55-2297518BB910}.Debug|x86.ActiveCfg = Debug|Win32
		{529CBEFF-CB9A-4E45-8A55-2297518BB910}.Debug|x86.Build.0 = Debug|Win32
		{529CBEFF-CB9A-4E45-8A55-2297518BB910}.Release|x64.ActiveCfg = Release|x64
		{529CBEFF-CB9A-4E45-8A55-2297518BB910}.Release|x64.Build.0 = Release|x64
		{529CBEFF-CB9A-4E45-8A55-2297518BB910}.Release|x86.ActiveCfg = Release|Win32
		{529CBEFF-CB9A-4E45-8A55-2297518BB910}.Release|x86.Build.0 = Release|Win32
		{8E00A23C-F52B-4087-B758-40CF61F24671}.Debug|x64.ActiveCfg = Debug|x64
		{8E00A23C-F52B-4087-B758-40CF61F24671}.Debug|x64.Build.0 = Debug|x64
		{8E00A23C-F52B-4087-B758-40CF61F24671}.Debug|x86.ActiveCfg = Debug|Win32
		{8E00A23C-F52B-4087-B758-40CF61F24671}.Debug|x86.Build.0 = Debug|Win32
		{8E00A23C-F52B-4087-B758-40CF61F24671}.Release|x64.ActiveCfg = Release|x64
		{8E00A23C-F52B-4087-B758-40CF61F24671}.Release|x64.Build.0 = Release|x64
		{8E00A23C-F52B-4087-B758-40CF61F24671}.Release|x86.ActiveCfg = Release|Win32
		{8E00A23C-F52B-4087-B758-40CF61F24671}.Release|x86.Build.0 = Release|Win32
		{A8E9303C-5B9A-4E80-A23A-8F1B8498EEA1}.Debug|x64.ActiveCfg = Debug|x64
		{A8E9303C-5B9A-4E80-A23A-8F1B8498EEA1}.Debug|x64.Build.0 = Debug|x64
		{A8E9303C-5B9A-4E80-A23A-8F1B8498EEA1}.Debug|x86.ActiveCfg = Debug|Win32
		{A8E9303C-5B9A-4E80-A23A-8F1B8498EEA1}.Debug|x86.Build.0 = Debug|Win32
		{A8E9303C-5B9A-4E80-A23A-8F1B8498EEA1}.Release|x64.ActiveCfg = Release|x64
		{A8E9303C-5B9A-4E80-A23A-8F1B8498EEA1}.Release|x64.Build.0 = Release|x64
		{A8E9303C-5B9A-4E80-A23A-8F1B8498EEA1}.Release|x86.ActiveCfg = Release|Win32
		{A8E9303C-5B9A-4E80-A23A-8F1B8498EEA1}.Release|x86.Build.0 = Release|Win32
		{D993CB1E-A726-41E9-B1E7-CA8EA538ECD2}.Debug|x64.ActiveCfg = Debug|x64
		{D993CB1E-A726-41E9-B1E7-CA8EA538ECD2}.Debug|x64.Build.0 = Debug|x64
		{D993CB1E-A726-41E9-B1E7-CA8EA538ECD2}.Debug|x86.ActiveCfg = Debug|Win32
		{D993CB1E-A726-41E9-B1E7-CA8EA538ECD2}.Debug|x86.Build.0 = Debug|Win32
		{D993CB1E-A726-41E9-B1E7-CA8EA538ECD2}.Release|x64.ActiveCfg = Release|x64
		{D993CB1E-A726-41E9-B1E7-CA8EA538ECD2}.Release|x64.Build.0 = Release|x64
		{D993CB1E-A726-41E9-B1E7-CA8EA538ECD2}.Release|x86.ActiveCfg = Release|Win32
		{D993CB1E-A726-41E9-B1E7-CA8EA538ECD2}.Release|x86.Build.0 = Release|Win32
		{6FB9004A-9F66-405F-8AC8-F1839520F0E7}.Debug|x64.ActiveCfg = Debug|x64
		{6FB9004A-9F66-405F-8AC8-F1839520F0E7}.Debug|x64.Build.0 = Debug|x64
		{6FB9004A-9F66-405F-8AC8-F1839520F0E7}.Debug|x86.ActiveCfg = Debug|Win32
		{6FB9004A-9F66-405F-8AC8-F1839520F0E7}.Debug|x86.Build.0 = Debug|Win32
		{6FB9004A-9F66-405F-8AC8-F1839520F0E7}.Release|x64.ActiveCfg = Release|x64
		{6FB9004A-9F66-405F-8AC8-F1839520F0E7}.Release|x64.Build.0 = Release|x64
		{6FB9004A-9F66-405F-8AC8-F1839520F0E7}.Release|x86.ActiveCfg = Release|Win32
		{6FB9004A-9F66-405F-8AC8-F1839520F0E7}.Release|x86.Build.0 = Release|Win32
		{07BB93B1-B307-4161-83EE-B9140161D3EE}.Debug|x64.ActiveCfg = Debug|x64
		{07BB93B1-B307-4161-83EE-B9140161D3EE}.Debug|x64.Build.0 = Debug|x64
		{07BB93B1-B307-4161-83EE-B9140161D3EE}.Debug|x86.ActiveCfg = Debug|Win32
		{07BB93B1-B307-4161-83EE-B9140161D3EE}.Debug|x86.Build.0 = Debug|Win32
		{07BB93B1-B307-4161-83EE-B9140161D3EE}.Release|x64.ActiveCfg = Release|x64
		{07BB93B1-B307-4161-83EE-B9140161D3EE}.Release|x64.Build.0 = Release|x64
		{07BB93B1-B307-4161-83EE-B9140161D3EE}.Release|x86.ActiveCfg = Release|Win32
		{07BB93B1-B307-4161-83EE-B9140161D3EE}.Release|x86.Build.0 = Release|Win32
		{7537DC41-C6E4-4B4C-845E-A3053E63B31A}.Debug|x64.ActiveCfg = Debug|x64
		{7537DC41-C6E4-4B4C-845E-A3053E63B31A}.Debug|x64.Build.0 = Debug|x64
		{7537DC41-C6E4-4B4C-845E-A3053E63B31A}.Debug|x86.ActiveCfg = Debug|Win32
		{7537DC41-C6E4-4B4C-845E-A3053E63B31A}.Debug|x86.Build.0 = Debug|Win32
		{7537DC41-C6E4-4B4C-845E-A3053E63B31A}.Release|x64.ActiveCfg = Release|x64
		{7537DC41-C6E4-4B4C-845E-A3053E63B31A}.Release|x64.Build.0 = Release|x64
		{7537DC41-C6E4-4B4C-845E-A3053E63B31A}.Release|x86.ActiveCfg = Release|Win32
		{7537DC41-C6E4-4B4C-845E-A3053E63B31A}.Release|x86.Build.0 = Release|Win32
		{01C2395B-2400-466A-8A25-5022DF0CB63E}.Debug|x64.ActiveCfg = Debug|x64
		{01C2395B-2400-466A-8A25-5022DF0CB63E}.Debug|x64.Build.0 = Debug|x64
		{01C2395B-2400-466A-8A25-5022DF0CB63E}.Debug|x86.ActiveCfg = Debug|Win32
		{01C2395B-2400-466A-8A25-5022DF0CB63E}.Debug|x86.Build.0 = Debug|Win32
		{01C2395B-2400-466A-8A25-5022DF0CB63E}.Release|x64.ActiveCfg = Release|x64
		{01C2395B-2400-466A-8A25-5022DF0CB63E}.Release|x64.Build.0 = Release|x64
		{01C2395B-2400-466A-8A25-5022DF0CB63E}.Release|x86.ActiveCfg = Release|Win32
		{01C2395B-2400-466A-8A25-5022DF0CB63E}.Release|x86.Build.0 = Release|Win32
		{FE8F5C95-7BDD-4D9C-96FC-090093507D55}.Debug|x64.ActiveCfg = Debug|x64
		{FE8F5C95-7BDD-4D9C-96FC-090093507D55}.Debug|x64.Build.0 = Debug|x64
		{FE8F5C95-7BDD-4D9C-96FC-090093507D55}.Debug|x86.ActiveCfg = Debug|Win32
		{FE8F5C95-7BDD-4D9C-96FC-090093507D55}.Debug|x86.Build.0 = Debug|Win32
		{FE8F5C95-7BDD-4D9C-96FC-090093507D55}.Release|x64.ActiveCfg = Release|x64
		{FE8F5C95-7BDD-4D9C-96FC-090093507D55}.Release|x64.Build.0 = Release|x64
		{FE8F5C95-7BDD-4D9C-96FC-090093507D55}.Release|x86.ActiveCfg = Release|Win32
		{FE8F5C95-7BDD-4D9C-96FC-090093507D55}.Release|x86.Build.0 = Release|Win32
		{8AC7EFDF-CC4D-47C0-A930-000170D466DD}.Debug|x64.ActiveCfg = Debug|x64
		{8AC7EFDF-CC4D-47C0-A930-000170D466DD}.Debug|x64.Build.0 = Debug|x64
		{8AC7EFDF-CC4D-47C0-A930-000170D466DD}.Debug|x86.ActiveCfg = Debug|Win32
		{8AC7EFDF-CC4D-47C0-A930-000170D466DD}.Debug|x86.Build.0 = Debug|Win32
		{8AC7EFDF-CC4D-47C0-A930-000170D466DD}.Release|x64.ActiveCfg = Release|x64
		{8AC7EFDF-CC4D-47C0-A930-000170D466DD}.Release|x64.Build.0 = Release|x64
		{8AC7EFDF-CC4D-47C0-A930-000170D466DD}.Release|x86.ActiveCfg = Release|Win32
		{8AC7EFDF-CC4D-47C0-A930-000170D466DD}.Release|x86.Build.0 = Release|Win32
		{70848769-4757-4B9A-AEA6-89D72D308F84}.Debug|x64.ActiveCfg = Debug|x64
		{70848769-4757-4B9A-AEA6-89D72D308F84}.Debug|x64.Build.0 = Debug|x64
		{70848769-4757-4B9A-AEA6-89D72D308F84}.Debug|x86.ActiveCfg = Debug|Win32
		{70848769-4757-4B9A-AEA6-89D72D308F84}.Debug|x86.Build.0 = Debug|Win32
		{70848769-4757-4B9A-AEA6-89D72D308F84}.Release|x64.ActiveCfg = Release|x64
		{70848769-4757-4B9A-AEA6-89D72D308F84}.Release|x64.Build.0 = Release|x64
		{70848769-4757-4B9A-AEA6-89D72D308F84}.Release|x86.ActiveCfg = Release|Win32
		{70848769-4757-4B9A-AEA6-89D72D308F84}.Release|x86.Build.0 = Release|Win32
		{61CF1F41-60AE-45C1-9986-3C4D2F0D1003}.Debug|x64.ActiveCfg = Debug|x64
		{61CF1F41-60AE-45C1-9986-3C4D2F0D1003}.Debug|x64.Build.0 = Debug|x64
		{61CF1F41-60AE-45C1-9986-3C4D2F0D1003}.Debug|x86.ActiveCfg = Debug|Win32
		{61CF1F41-60AE-45C1-9986-3C4D2F0D1003}.Debug|x86.Build.0 = Debug|Win32
		{61CF1F41-60AE-45C1-9986-3C4D2F0D1003}.Release|x64.ActiveCfg = Release|x64
		{61CF1F41-60AE-45C1-9986-3C4D2F0D1003}.Release|x64.Build.0 = Release|x64
		{61CF1F41-60AE-45C1-9986-3C4D2F0D1003}.Release|x86.ActiveCfg = Release|Win32
		{61CF1F41-60AE-45C1-9986-3C4D2F0D1003}.Release|x86.Build.0 = Release|Win32
		{45720323-646A-4791-A2A4-3128D24BEA26}.Debug|x64.ActiveCfg = Debug|x64
		{45720323-646A-4791-A2A4-3128D24BEA26}.Debug|x64.Build.0 = Debug|x64
		{45720323-646A-4791-A2A4-3128D24BEA26}.Debug|x86.ActiveCfg = Debug|Win32
		{45720323-646A-4791-A2A4-3128D24BEA26}.Debug|x86.Build.0 = Debug|Win32
		{45720323-646A-4791-A2A4-3128D24BEA26}.Release|x64.ActiveCfg = Release|x64
		{45720323-646A-4791-A2A4-3128D24BEA26}.Release|x64.Build.0 = Release|x64
		{45720323-646A-4791-A2A4-3128D24BEA26}.Release|x86.ActiveCfg = Release|Win32
		{45720323-646A-4791-A2A4-3128D24BEA26}.Release|x86.Build.0 = Release|Win32
	EndGlobalSection
	GlobalSection(SolutionProperties) = preSolution
		HideSolutionNode = FALSE
	EndGlobalSection
	GlobalSection(ExtensibilityGlobals) = postSolution
		SolutionGuid = {3F0DBDF1-A29E-4C3F-95A3-B27A3BBA798A}
	EndGlobalSection
EndGlobal
